{
  "name": "docspell-contact-sync",
  "version": "0.0.1",
  "lockfileVersion": 2,
  "requires": true,
  "packages": {
    "": {
      "name": "docspell-contact-sync",
      "version": "0.0.1",
      "license": "ISC",
      "dependencies": {
        "@swc/core": "^1.2.88",
        "@swc/helpers": "^0.2.13",
        "axios": "^0.21.4",
        "dotenv": "^10.0.0",
        "ts-node": "^10.2.1",
        "tsdav": "^1.1.0",
        "typescript": "^4.4.3",
        "vcardz": "^2.1.3"
      },
      "devDependencies": {
        "@types/node": "^14.17.15",
        "prettier": "^2.4.1"
      }
    },
    "node_modules/@cspotcode/source-map-consumer": {
      "version": "0.8.0",
      "resolved": "https://registry.npmjs.org/@cspotcode/source-map-consumer/-/source-map-consumer-0.8.0.tgz",
      "integrity": "sha512-41qniHzTU8yAGbCp04ohlmSrZf8bkf/iJsl3V0dRGsQN/5GFfx+LbCSsCpp2gqrqjTVg/K6O8ycoV35JIwAzAg==",
      "engines": {
        "node": ">= 12"
      }
    },
    "node_modules/@cspotcode/source-map-support": {
      "version": "0.6.1",
      "resolved": "https://registry.npmjs.org/@cspotcode/source-map-support/-/source-map-support-0.6.1.tgz",
      "integrity": "sha512-DX3Z+T5dt1ockmPdobJS/FAsQPW4V4SrWEhD2iYQT2Cb2tQsiMnYxrcUH9By/Z3B+v0S5LMBkQtV/XOBbpLEOg==",
      "dependencies": {
        "@cspotcode/source-map-consumer": "0.8.0"
      },
      "engines": {
        "node": ">=12"
      }
    },
    "node_modules/@napi-rs/triples": {
      "version": "1.0.3",
      "resolved": "https://registry.npmjs.org/@napi-rs/triples/-/triples-1.0.3.tgz",
      "integrity": "sha512-jDJTpta+P4p1NZTFVLHJ/TLFVYVcOqv6l8xwOeBKNPMgY/zDYH/YH7SJbvrr/h1RcS9GzbPcLKGzpuK9cV56UA=="
    },
    "node_modules/@node-rs/helper": {
      "version": "1.2.1",
      "resolved": "https://registry.npmjs.org/@node-rs/helper/-/helper-1.2.1.tgz",
      "integrity": "sha512-R5wEmm8nbuQU0YGGmYVjEc0OHtYsuXdpRG+Ut/3wZ9XAvQWyThN08bTh2cBJgoZxHQUPtvRfeQuxcAgLuiBISg==",
      "dependencies": {
        "@napi-rs/triples": "^1.0.3"
      }
    },
    "node_modules/@swc/core": {
      "version": "1.2.88",
      "resolved": "https://registry.npmjs.org/@swc/core/-/core-1.2.88.tgz",
      "integrity": "sha512-CTnMGafEKEG8404Av9bKpffUVdKedYrmRPsQShJNg6wY7dPltbqsNcZUuC+8b1lQzY8axG4ypemxNAnOYtbwfg==",
      "dependencies": {
        "@node-rs/helper": "^1.0.0"
      },
      "engines": {
        "node": ">=10"
      },
      "funding": {
        "type": "opencollective",
        "url": "https://opencollective.com/swc"
      },
      "optionalDependencies": {
        "@swc/core-android-arm64": "^1.2.88",
        "@swc/core-darwin-arm64": "^1.2.88",
        "@swc/core-darwin-x64": "^1.2.88",
        "@swc/core-freebsd-x64": "^1.2.88",
        "@swc/core-linux-arm-gnueabihf": "^1.2.88",
        "@swc/core-linux-arm64-gnu": "^1.2.88",
        "@swc/core-linux-arm64-musl": "^1.2.88",
        "@swc/core-linux-x64-gnu": "^1.2.88",
        "@swc/core-linux-x64-musl": "^1.2.88",
        "@swc/core-win32-arm64-msvc": "^1.2.88",
        "@swc/core-win32-ia32-msvc": "^1.2.88",
        "@swc/core-win32-x64-msvc": "^1.2.88"
      }
    },
    "node_modules/@swc/core-android-arm64": {
      "version": "1.2.88",
      "resolved": "https://registry.npmjs.org/@swc/core-android-arm64/-/core-android-arm64-1.2.88.tgz",
      "integrity": "sha512-XuQIPCRVMHgdVKkIUj5ZQps0VhgopreZgq6dYpTOIf5bHtxvaIMOWFQUkJs1+YacjCskFMUo7t876VCEqZFOhQ==",
      "cpu": [
        "arm64"
      ],
      "optional": true,
      "os": [
        "android"
      ],
      "engines": {
        "node": ">=10"
      }
    },
    "node_modules/@swc/core-darwin-arm64": {
      "version": "1.2.88",
      "resolved": "https://registry.npmjs.org/@swc/core-darwin-arm64/-/core-darwin-arm64-1.2.88.tgz",
      "integrity": "sha512-tzzNfGrMk7W6P3HuROHL4AJ4KzJMJJCb3/Ghi8l1ldzNCAfdTWRvbP1hv4aaOt5Lejzx40Gyt4tieHLRPUGNEQ==",
      "cpu": [
        "arm64"
      ],
      "optional": true,
      "os": [
        "darwin"
      ],
      "engines": {
        "node": ">=10"
      }
    },
    "node_modules/@swc/core-darwin-x64": {
      "version": "1.2.88",
      "resolved": "https://registry.npmjs.org/@swc/core-darwin-x64/-/core-darwin-x64-1.2.88.tgz",
      "integrity": "sha512-illK43lA2Y36NL1cZfutYz/Iu2cWoJt2hveu7uJpy9xdkyjHG4qP+blt8lrNMRlveekFsU46tN566RSEDJ3snw==",
      "cpu": [
        "x64"
      ],
      "optional": true,
      "os": [
        "darwin"
      ],
      "engines": {
        "node": ">=10"
      }
    },
    "node_modules/@swc/core-freebsd-x64": {
      "version": "1.2.88",
      "resolved": "https://registry.npmjs.org/@swc/core-freebsd-x64/-/core-freebsd-x64-1.2.88.tgz",
      "integrity": "sha512-KQIX5PqhFMlf+qhvmRmQukGdhOY9QRBgt/GVmc4H9NUX78mHDONdraKhNFXJ26bLIJXMFRlnOqE4GQCDgbAAyg==",
      "cpu": [
        "x64"
      ],
      "optional": true,
      "os": [
        "freebsd"
      ],
      "engines": {
        "node": ">=10"
      }
    },
    "node_modules/@swc/core-linux-arm-gnueabihf": {
      "version": "1.2.88",
      "resolved": "https://registry.npmjs.org/@swc/core-linux-arm-gnueabihf/-/core-linux-arm-gnueabihf-1.2.88.tgz",
      "integrity": "sha512-z+bRlZ2VW5ap8tri0vpC8cBtROmvOujOfWVuFhkdx6/+XoyPKEsZJBdW3Z1CSB1eXz4kvtGBGBgOTCNj8i7T1Q==",
      "cpu": [
        "arm"
      ],
      "optional": true,
      "os": [
        "linux"
      ],
      "engines": {
        "node": ">=10"
      }
    },
    "node_modules/@swc/core-linux-arm64-gnu": {
      "version": "1.2.88",
      "resolved": "https://registry.npmjs.org/@swc/core-linux-arm64-gnu/-/core-linux-arm64-gnu-1.2.88.tgz",
      "integrity": "sha512-PxL3zZYE1ktGfwqHqt139oFpg5AzIaExPT1X7UC85+RLiMUuRsfKUNTJgzMkZDfPhV/Crjx5BiBrUfOp9KLzdQ==",
      "cpu": [
        "arm64"
      ],
      "optional": true,
      "os": [
        "linux"
      ],
      "engines": {
        "node": ">=10"
      }
    },
    "node_modules/@swc/core-linux-arm64-musl": {
      "version": "1.2.88",
      "resolved": "https://registry.npmjs.org/@swc/core-linux-arm64-musl/-/core-linux-arm64-musl-1.2.88.tgz",
      "integrity": "sha512-/M9Sb+ETGS4HUZYagQ0gr50yPrDPSaZKdCRlrVfD/GWvpJNvzu/8ILOiR/e2saSQE1vTPFbu+sYjUBaYavtucQ==",
      "cpu": [
        "arm64"
      ],
      "optional": true,
      "os": [
        "linux"
      ],
      "engines": {
        "node": ">=10"
      }
    },
    "node_modules/@swc/core-linux-x64-gnu": {
      "version": "1.2.88",
      "resolved": "https://registry.npmjs.org/@swc/core-linux-x64-gnu/-/core-linux-x64-gnu-1.2.88.tgz",
      "integrity": "sha512-dKCfYQjI+9L62DCXycJS/hBRd6Ta5KOauK7rNk1Md09QoK1ozAtK0t5WSS6qJV6Qz+McGx0DT363VRRsUxItNw==",
      "cpu": [
        "x64"
      ],
      "optional": true,
      "os": [
        "linux"
      ],
      "engines": {
        "node": ">=10"
      }
    },
    "node_modules/@swc/core-linux-x64-musl": {
      "version": "1.2.88",
      "resolved": "https://registry.npmjs.org/@swc/core-linux-x64-musl/-/core-linux-x64-musl-1.2.88.tgz",
      "integrity": "sha512-IgIdLA5xBaAx6VnaxEHtHzumeuVtPTOIneDX7vqLMVf87VF5QzqXNj/PXbRtnutE2Yw0lDoslkz/ABmKWtyiEA==",
      "cpu": [
        "x64"
      ],
      "optional": true,
      "os": [
        "linux"
      ],
      "engines": {
        "node": ">=10"
      }
    },
    "node_modules/@swc/core-win32-arm64-msvc": {
      "version": "1.2.88",
      "resolved": "https://registry.npmjs.org/@swc/core-win32-arm64-msvc/-/core-win32-arm64-msvc-1.2.88.tgz",
      "integrity": "sha512-cDaYQaSQvTacadfszmzs/ekfEaoLYlK1Pdgc03AUiJFRwPekMQ3i9jsDqPzwttML1FDlLPgkJJHy6FLKuc2omw==",
      "cpu": [
        "arm64"
      ],
      "optional": true,
      "os": [
        "win32"
      ],
      "engines": {
        "node": ">=10"
      }
    },
    "node_modules/@swc/core-win32-ia32-msvc": {
      "version": "1.2.88",
      "resolved": "https://registry.npmjs.org/@swc/core-win32-ia32-msvc/-/core-win32-ia32-msvc-1.2.88.tgz",
      "integrity": "sha512-4vkyxjmk/zt8GQPfLos1X4BX0W/VudBlVwLU9L4OmuloDhNCdVCEAc2o36Hgw3Q338VrM46xWQ+fB/cPIJEfgg==",
      "cpu": [
        "ia32"
      ],
      "optional": true,
      "os": [
        "win32"
      ],
      "engines": {
        "node": ">=10"
      }
    },
    "node_modules/@swc/core-win32-x64-msvc": {
      "version": "1.2.88",
      "resolved": "https://registry.npmjs.org/@swc/core-win32-x64-msvc/-/core-win32-x64-msvc-1.2.88.tgz",
      "integrity": "sha512-8+LhfWO4ytIc2voKbAhd3j6hypdpWDM0xODzrXPceZ3MI91NUyBTSk7o2R+PpOgpyXNmmz9ATQ7EM0BgZGeAAw==",
      "cpu": [
        "x64"
      ],
      "optional": true,
      "os": [
        "win32"
      ],
      "engines": {
        "node": ">=10"
      }
    },
    "node_modules/@swc/helpers": {
      "version": "0.2.13",
      "resolved": "https://registry.npmjs.org/@swc/helpers/-/helpers-0.2.13.tgz",
      "integrity": "sha512-HxfZHtTgDlME7fH+KIwBrm1B1+2iB3UpbcSbPCZzDAHxZ3z+qfjflHverm33sXrdyQYx4s3J7r6ot76433mwEg=="
    },
    "node_modules/@tsconfig/node10": {
      "version": "1.0.8",
      "resolved": "https://registry.npmjs.org/@tsconfig/node10/-/node10-1.0.8.tgz",
      "integrity": "sha512-6XFfSQmMgq0CFLY1MslA/CPUfhIL919M1rMsa5lP2P097N2Wd1sSX0tx1u4olM16fLNhtHZpRhedZJphNJqmZg=="
    },
    "node_modules/@tsconfig/node12": {
      "version": "1.0.9",
      "resolved": "https://registry.npmjs.org/@tsconfig/node12/-/node12-1.0.9.tgz",
      "integrity": "sha512-/yBMcem+fbvhSREH+s14YJi18sp7J9jpuhYByADT2rypfajMZZN4WQ6zBGgBKp53NKmqI36wFYDb3yaMPurITw=="
    },
    "node_modules/@tsconfig/node14": {
      "version": "1.0.1",
      "resolved": "https://registry.npmjs.org/@tsconfig/node14/-/node14-1.0.1.tgz",
      "integrity": "sha512-509r2+yARFfHHE7T6Puu2jjkoycftovhXRqW328PDXTVGKihlb1P8Z9mMZH04ebyajfRY7dedfGynlrFHJUQCg=="
    },
    "node_modules/@tsconfig/node16": {
      "version": "1.0.2",
      "resolved": "https://registry.npmjs.org/@tsconfig/node16/-/node16-1.0.2.tgz",
      "integrity": "sha512-eZxlbI8GZscaGS7kkc/trHTT5xgrjH3/1n2JDwusC9iahPKWMRvRjJSAN5mCXviuTGQ/lHnhvv8Q1YTpnfz9gA=="
    },
    "node_modules/@types/node": {
      "version": "14.17.15",
      "resolved": "https://registry.npmjs.org/@types/node/-/node-14.17.15.tgz",
      "integrity": "sha512-D1sdW0EcSCmNdLKBGMYb38YsHUS6JcM7yQ6sLQ9KuZ35ck7LYCKE7kYFHOO59ayFOY3zobWVZxf4KXhYHcHYFA=="
    },
    "node_modules/acorn": {
      "version": "8.5.0",
      "resolved": "https://registry.npmjs.org/acorn/-/acorn-8.5.0.tgz",
      "integrity": "sha512-yXbYeFy+jUuYd3/CDcg2NkIYE991XYX/bje7LmjJigUciaeO1JR4XxXgCIV1/Zc/dRuFEyw1L0pbA+qynJkW5Q==",
      "bin": {
        "acorn": "bin/acorn"
      },
      "engines": {
        "node": ">=0.4.0"
      }
    },
    "node_modules/acorn-walk": {
      "version": "8.2.0",
      "resolved": "https://registry.npmjs.org/acorn-walk/-/acorn-walk-8.2.0.tgz",
      "integrity": "sha512-k+iyHEuPgSw6SbuDpGQM+06HQUa04DZ3o+F6CSzXMvvI5KMvnaEqXe+YVe555R9nn6GPt404fos4wcgpw12SDA==",
      "engines": {
        "node": ">=0.4.0"
      }
    },
    "node_modules/arg": {
      "version": "4.1.3",
      "resolved": "https://registry.npmjs.org/arg/-/arg-4.1.3.tgz",
      "integrity": "sha512-58S9QDqG0Xx27YwPSt9fJxivjYl432YCwfDMfZ+71RAqUrZef7LrKQZ3LHLOwCS4FLNBplP533Zx895SeOCHvA=="
    },
    "node_modules/axios": {
      "version": "0.21.4",
      "resolved": "https://registry.npmjs.org/axios/-/axios-0.21.4.tgz",
      "integrity": "sha512-ut5vewkiu8jjGBdqpM44XxjuCjq9LAKeHVmoVfHVzy8eHgxxq8SbAVQNovDA8mVi05kP0Ea/n/UzcSHcTJQfNg==",
      "dependencies": {
        "follow-redirects": "^1.14.0"
      }
    },
    "node_modules/base-64": {
      "version": "1.0.0",
      "resolved": "https://registry.npmjs.org/base-64/-/base-64-1.0.0.tgz",
      "integrity": "sha512-kwDPIFCGx0NZHog36dj+tHiwP4QMzsZ3AgMViUBKI0+V5n4U0ufTCUMhnQ04diaRI8EX/QcPfql7zlhZ7j4zgg=="
    },
    "node_modules/class-transformer": {
      "version": "0.3.1",
      "resolved": "https://registry.npmjs.org/class-transformer/-/class-transformer-0.3.1.tgz",
      "integrity": "sha512-cKFwohpJbuMovS8xVLmn8N2AUbAuc8pVo4zEfsUVo8qgECOogns1WVk/FkOZoxhOPTyTYFckuoH+13FO+MQ8GA=="
    },
    "node_modules/create-require": {
      "version": "1.1.1",
      "resolved": "https://registry.npmjs.org/create-require/-/create-require-1.1.1.tgz",
      "integrity": "sha512-dcKFX3jn0MpIaXjisoRvexIJVEKzaq7z2rZKxf+MSr9TkdmHmsU4m2lcLojrj/FHl8mk5VxMmYA+ftRkP/3oKQ=="
    },
    "node_modules/cross-fetch": {
      "version": "3.1.4",
      "resolved": "https://registry.npmjs.org/cross-fetch/-/cross-fetch-3.1.4.tgz",
      "integrity": "sha512-1eAtFWdIubi6T4XPy6ei9iUFoKpUkIF971QLN8lIvvvwueI65+Nw5haMNKUwfJxabqlIIDODJKGrQ66gxC0PbQ==",
      "dependencies": {
        "node-fetch": "2.6.1"
      }
    },
    "node_modules/debug": {
      "version": "4.3.2",
      "resolved": "https://registry.npmjs.org/debug/-/debug-4.3.2.tgz",
      "integrity": "sha512-mOp8wKcvj7XxC78zLgw/ZA+6TSgkoE2C/ienthhRD298T7UNwAg9diBpLRxC0mOezLl4B0xV7M0cCO6P/O0Xhw==",
      "dependencies": {
        "ms": "2.1.2"
      },
      "engines": {
        "node": ">=6.0"
      },
      "peerDependenciesMeta": {
        "supports-color": {
          "optional": true
        }
      }
    },
    "node_modules/diff": {
      "version": "4.0.2",
      "resolved": "https://registry.npmjs.org/diff/-/diff-4.0.2.tgz",
      "integrity": "sha512-58lmxKSA4BNyLz+HHMUzlOEpg09FV+ev6ZMe3vJihgdxzgcwZ8VoEEPmALCZG9LmqfVoNMMKpttIYTVG6uDY7A==",
      "engines": {
        "node": ">=0.3.1"
      }
    },
    "node_modules/dotenv": {
      "version": "10.0.0",
      "resolved": "https://registry.npmjs.org/dotenv/-/dotenv-10.0.0.tgz",
      "integrity": "sha512-rlBi9d8jpv9Sf1klPjNfFAuWDjKLwTIJJ/VxtoTwIR6hnZxcEOQCZg2oIL3MWBYw5GpUDKOEnND7LXTbIpQ03Q==",
      "engines": {
        "node": ">=10"
      }
    },
    "node_modules/fast-xml-parser": {
      "version": "3.20.0",
      "resolved": "https://registry.npmjs.org/fast-xml-parser/-/fast-xml-parser-3.20.0.tgz",
      "integrity": "sha512-cMQwDJYVDjMPU56DviszewgMKuNzuf4NQSBuDf9RgZ6FKm5QEMxW05Za8lvnuL6moxoeZVUWBlL733WmovvV6g==",
      "dependencies": {
        "strnum": "^1.0.3"
      },
      "bin": {
        "xml2js": "cli.js"
      },
      "funding": {
        "type": "paypal",
        "url": "https://paypal.me/naturalintelligence"
      }
    },
    "node_modules/follow-redirects": {
      "version": "1.14.4",
      "resolved": "https://registry.npmjs.org/follow-redirects/-/follow-redirects-1.14.4.tgz",
      "integrity": "sha512-zwGkiSXC1MUJG/qmeIFH2HBJx9u0V46QGUe3YR1fXG8bXQxq7fLj0RjLZQ5nubr9qNJUZrH+xUcwXEoXNpfS+g==",
      "funding": [
        {
          "type": "individual",
          "url": "https://github.com/sponsors/RubenVerborgh"
        }
      ],
      "engines": {
        "node": ">=4.0"
      },
      "peerDependenciesMeta": {
        "debug": {
          "optional": true
        }
      }
    },
    "node_modules/luxon": {
      "version": "1.28.0",
      "resolved": "https://registry.npmjs.org/luxon/-/luxon-1.28.0.tgz",
      "integrity": "sha512-TfTiyvZhwBYM/7QdAVDh+7dBTBA29v4ik0Ce9zda3Mnf8on1S5KJI8P2jKFZ8+5C0jhmr0KwJEO/Wdpm0VeWJQ==",
      "engines": {
        "node": "*"
      }
    },
    "node_modules/make-error": {
      "version": "1.3.6",
      "resolved": "https://registry.npmjs.org/make-error/-/make-error-1.3.6.tgz",
      "integrity": "sha512-s8UhlNe7vPKomQhC1qFelMokr/Sc3AgNbso3n74mVPA5LTZwkB9NlXf4XPamLxJE8h0gh73rM94xvwRT2CVInw=="
    },
    "node_modules/ms": {
      "version": "2.1.2",
      "resolved": "https://registry.npmjs.org/ms/-/ms-2.1.2.tgz",
      "integrity": "sha512-sGkPx+VjMtmA6MX27oA4FBFELFCZZ4S4XqeGOXCv68tT+jb3vk/RyaKWP0PTKyWtmLSM0b+adUTEvbs1PEaH2w=="
    },
    "node_modules/node-fetch": {
      "version": "2.6.1",
      "resolved": "https://registry.npmjs.org/node-fetch/-/node-fetch-2.6.1.tgz",
      "integrity": "sha512-V4aYg89jEoVRxRb2fJdAg8FHvI7cEyYdVAh94HH0UIK8oJxUfkjlDQN9RbMx+bEjP7+ggMiFRprSti032Oipxw==",
      "engines": {
        "node": "4.x || >=6.0.0"
      }
    },
    "node_modules/prettier": {
      "version": "2.4.1",
      "resolved": "https://registry.npmjs.org/prettier/-/prettier-2.4.1.tgz",
      "integrity": "sha512-9fbDAXSBcc6Bs1mZrDYb3XKzDLm4EXXL9sC1LqKP5rZkT6KRr/rf9amVUcODVXgguK/isJz0d0hP72WeaKWsvA==",
      "dev": true,
      "bin": {
        "prettier": "bin-prettier.js"
      },
      "engines": {
        "node": ">=10.13.0"
      }
    },
    "node_modules/reflect-metadata": {
      "version": "0.1.13",
      "resolved": "https://registry.npmjs.org/reflect-metadata/-/reflect-metadata-0.1.13.tgz",
      "integrity": "sha512-Ts1Y/anZELhSsjMcU605fU9RE4Oi3p5ORujwbIKXfWa+0Zxs510Qrmrce5/Jowq3cHSZSJqBjypxmHarc+vEWg=="
    },
    "node_modules/rxjs": {
      "version": "6.6.7",
      "resolved": "https://registry.npmjs.org/rxjs/-/rxjs-6.6.7.tgz",
      "integrity": "sha512-hTdwr+7yYNIT5n4AMYp85KA6yw2Va0FLa3Rguvbpa4W3I5xynaBZo41cM3XM+4Q6fRMj3sBYIR1VAmZMXYJvRQ==",
      "dependencies": {
        "tslib": "^1.9.0"
      },
      "engines": {
        "npm": ">=2.0.0"
      }
    },
    "node_modules/sax": {
      "version": "1.2.4",
      "resolved": "https://registry.npmjs.org/sax/-/sax-1.2.4.tgz",
      "integrity": "sha512-NqVDv9TpANUjFm0N8uM5GxL36UgKi9/atZw+x7YFnQ8ckwFGKrl4xX4yWtrey3UJm5nP1kUbnYgLopqWNSRhWw=="
    },
    "node_modules/strnum": {
      "version": "1.0.3",
      "resolved": "https://registry.npmjs.org/strnum/-/strnum-1.0.3.tgz",
      "integrity": "sha512-GVoRjsqAYZkAH16GDzfTuafuwKxzKdaaCQyLaWf37gOP1e2PPbAKWoME1OmO+c4RCKMfNrrPRDLFCNBFU45N/A=="
    },
    "node_modules/ts-node": {
      "version": "10.2.1",
      "resolved": "https://registry.npmjs.org/ts-node/-/ts-node-10.2.1.tgz",
      "integrity": "sha512-hCnyOyuGmD5wHleOQX6NIjJtYVIO8bPP8F2acWkB4W06wdlkgyvJtubO/I9NkI88hCFECbsEgoLc0VNkYmcSfw==",
      "dependencies": {
        "@cspotcode/source-map-support": "0.6.1",
        "@tsconfig/node10": "^1.0.7",
        "@tsconfig/node12": "^1.0.7",
        "@tsconfig/node14": "^1.0.0",
        "@tsconfig/node16": "^1.0.2",
        "acorn": "^8.4.1",
        "acorn-walk": "^8.1.1",
        "arg": "^4.1.0",
        "create-require": "^1.1.0",
        "diff": "^4.0.1",
        "make-error": "^1.1.1",
        "yn": "3.1.1"
      },
      "bin": {
        "ts-node": "dist/bin.js",
        "ts-node-cwd": "dist/bin-cwd.js",
        "ts-node-script": "dist/bin-script.js",
        "ts-node-transpile-only": "dist/bin-transpile.js",
        "ts-script": "dist/bin-script-deprecated.js"
      },
      "engines": {
        "node": ">=12.0.0"
      },
      "peerDependencies": {
        "@swc/core": ">=1.2.50",
        "@swc/wasm": ">=1.2.50",
        "@types/node": "*",
        "typescript": ">=2.7"
      },
      "peerDependenciesMeta": {
        "@swc/core": {
          "optional": true
        },
        "@swc/wasm": {
          "optional": true
        }
      }
    },
    "node_modules/tsdav": {
      "version": "1.1.0",
      "resolved": "https://registry.npmjs.org/tsdav/-/tsdav-1.1.0.tgz",
      "integrity": "sha512-Cc/VTFgUC/fOOFkGT/xuwrrIrG0+it7WA5ywNM4QyYWAzXVw+WmbM1pr7/7fzHA/OOVQ0a8RyPi4K1C+mFBGJw==",
      "dependencies": {
        "base-64": "^1.0.0",
        "cross-fetch": "^3.1.4",
        "debug": "^4.3.2",
        "xml-js": "^1.6.11"
      },
      "engines": {
        "node": ">=10"
      }
    },
    "node_modules/tslib": {
      "version": "1.14.1",
      "resolved": "https://registry.npmjs.org/tslib/-/tslib-1.14.1.tgz",
      "integrity": "sha512-Xni35NKzjgMrwevysHTCArtLDpPvye8zV/0E4EyYn43P7/7qvQwPh9BGkHewbMulVntbigmcT7rdX3BNo9wRJg=="
    },
    "node_modules/typescript": {
      "version": "4.4.3",
      "resolved": "https://registry.npmjs.org/typescript/-/typescript-4.4.3.tgz",
      "integrity": "sha512-4xfscpisVgqqDfPaJo5vkd+Qd/ItkoagnHpufr+i2QCHBsNYp+G7UAoyFl8aPtx879u38wPV65rZ8qbGZijalA==",
      "bin": {
        "tsc": "bin/tsc",
        "tsserver": "bin/tsserver"
      },
      "engines": {
        "node": ">=4.2.0"
      }
    },
    "node_modules/vcardz": {
      "version": "2.1.3",
      "resolved": "https://registry.npmjs.org/vcardz/-/vcardz-2.1.3.tgz",
      "integrity": "sha512-7qrDdJxqRiM7FZFuQzbdvGoP1Ga+PpKum2OGSvoFu5w7SUz949NRyX02bYy+yHz+3Kj7+33i77QIY2nR2mPQAA==",
      "dependencies": {
        "class-transformer": "^0.3.1",
        "fast-xml-parser": "^3.17.6",
        "luxon": "^1.22.0",
        "reflect-metadata": "^0.1.13",
        "rxjs": "^6.5.4"
      }
    },
    "node_modules/xml-js": {
      "version": "1.6.11",
      "resolved": "https://registry.npmjs.org/xml-js/-/xml-js-1.6.11.tgz",
      "integrity": "sha512-7rVi2KMfwfWFl+GpPg6m80IVMWXLRjO+PxTq7V2CDhoGak0wzYzFgUY2m4XJ47OGdXd8eLE8EmwfAmdjw7lC1g==",
      "dependencies": {
        "sax": "^1.2.4"
      },
      "bin": {
        "xml-js": "bin/cli.js"
      }
    },
    "node_modules/yn": {
      "version": "3.1.1",
      "resolved": "https://registry.npmjs.org/yn/-/yn-3.1.1.tgz",
      "integrity": "sha512-Ux4ygGWsu2c7isFWe8Yu1YluJmqVhxqK2cLXNQA5AcC3QfbGNpM7fu0Y8b/z16pXLnFxZYvWhd3fhBY9DLmC6Q==",
      "engines": {
        "node": ">=6"
      }
    }
  },
  "dependencies": {
    "@cspotcode/source-map-consumer": {
      "version": "0.8.0",
      "resolved": "https://registry.npmjs.org/@cspotcode/source-map-consumer/-/source-map-consumer-0.8.0.tgz",
      "integrity": "sha512-41qniHzTU8yAGbCp04ohlmSrZf8bkf/iJsl3V0dRGsQN/5GFfx+LbCSsCpp2gqrqjTVg/K6O8ycoV35JIwAzAg=="
    },
    "@cspotcode/source-map-support": {
      "version": "0.6.1",
      "resolved": "https://registry.npmjs.org/@cspotcode/source-map-support/-/source-map-support-0.6.1.tgz",
      "integrity": "sha512-DX3Z+T5dt1ockmPdobJS/FAsQPW4V4SrWEhD2iYQT2Cb2tQsiMnYxrcUH9By/Z3B+v0S5LMBkQtV/XOBbpLEOg==",
      "requires": {
        "@cspotcode/source-map-consumer": "0.8.0"
      }
    },
    "@napi-rs/triples": {
      "version": "1.0.3",
      "resolved": "https://registry.npmjs.org/@napi-rs/triples/-/triples-1.0.3.tgz",
      "integrity": "sha512-jDJTpta+P4p1NZTFVLHJ/TLFVYVcOqv6l8xwOeBKNPMgY/zDYH/YH7SJbvrr/h1RcS9GzbPcLKGzpuK9cV56UA=="
    },
    "@node-rs/helper": {
      "version": "1.2.1",
      "resolved": "https://registry.npmjs.org/@node-rs/helper/-/helper-1.2.1.tgz",
      "integrity": "sha512-R5wEmm8nbuQU0YGGmYVjEc0OHtYsuXdpRG+Ut/3wZ9XAvQWyThN08bTh2cBJgoZxHQUPtvRfeQuxcAgLuiBISg==",
      "requires": {
        "@napi-rs/triples": "^1.0.3"
      }
    },
    "@swc/core": {
      "version": "1.2.88",
      "resolved": "https://registry.npmjs.org/@swc/core/-/core-1.2.88.tgz",
      "integrity": "sha512-CTnMGafEKEG8404Av9bKpffUVdKedYrmRPsQShJNg6wY7dPltbqsNcZUuC+8b1lQzY8axG4ypemxNAnOYtbwfg==",
      "requires": {
        "@node-rs/helper": "^1.0.0",
        "@swc/core-android-arm64": "^1.2.88",
        "@swc/core-darwin-arm64": "^1.2.88",
        "@swc/core-darwin-x64": "^1.2.88",
        "@swc/core-freebsd-x64": "^1.2.88",
        "@swc/core-linux-arm-gnueabihf": "^1.2.88",
        "@swc/core-linux-arm64-gnu": "^1.2.88",
        "@swc/core-linux-arm64-musl": "^1.2.88",
        "@swc/core-linux-x64-gnu": "^1.2.88",
        "@swc/core-linux-x64-musl": "^1.2.88",
        "@swc/core-win32-arm64-msvc": "^1.2.88",
        "@swc/core-win32-ia32-msvc": "^1.2.88",
        "@swc/core-win32-x64-msvc": "^1.2.88"
      }
    },
    "@swc/core-android-arm64": {
      "version": "1.2.88",
      "resolved": "https://registry.npmjs.org/@swc/core-android-arm64/-/core-android-arm64-1.2.88.tgz",
      "integrity": "sha512-XuQIPCRVMHgdVKkIUj5ZQps0VhgopreZgq6dYpTOIf5bHtxvaIMOWFQUkJs1+YacjCskFMUo7t876VCEqZFOhQ==",
      "optional": true
    },
    "@swc/core-darwin-arm64": {
      "version": "1.2.88",
      "resolved": "https://registry.npmjs.org/@swc/core-darwin-arm64/-/core-darwin-arm64-1.2.88.tgz",
      "integrity": "sha512-tzzNfGrMk7W6P3HuROHL4AJ4KzJMJJCb3/Ghi8l1ldzNCAfdTWRvbP1hv4aaOt5Lejzx40Gyt4tieHLRPUGNEQ==",
      "optional": true
    },
    "@swc/core-darwin-x64": {
      "version": "1.2.88",
      "resolved": "https://registry.npmjs.org/@swc/core-darwin-x64/-/core-darwin-x64-1.2.88.tgz",
      "integrity": "sha512-illK43lA2Y36NL1cZfutYz/Iu2cWoJt2hveu7uJpy9xdkyjHG4qP+blt8lrNMRlveekFsU46tN566RSEDJ3snw==",
      "optional": true
    },
    "@swc/core-freebsd-x64": {
      "version": "1.2.88",
      "resolved": "https://registry.npmjs.org/@swc/core-freebsd-x64/-/core-freebsd-x64-1.2.88.tgz",
      "integrity": "sha512-KQIX5PqhFMlf+qhvmRmQukGdhOY9QRBgt/GVmc4H9NUX78mHDONdraKhNFXJ26bLIJXMFRlnOqE4GQCDgbAAyg==",
      "optional": true
    },
    "@swc/core-linux-arm-gnueabihf": {
      "version": "1.2.88",
      "resolved": "https://registry.npmjs.org/@swc/core-linux-arm-gnueabihf/-/core-linux-arm-gnueabihf-1.2.88.tgz",
      "integrity": "sha512-z+bRlZ2VW5ap8tri0vpC8cBtROmvOujOfWVuFhkdx6/+XoyPKEsZJBdW3Z1CSB1eXz4kvtGBGBgOTCNj8i7T1Q==",
      "optional": true
    },
    "@swc/core-linux-arm64-gnu": {
      "version": "1.2.88",
      "resolved": "https://registry.npmjs.org/@swc/core-linux-arm64-gnu/-/core-linux-arm64-gnu-1.2.88.tgz",
      "integrity": "sha512-PxL3zZYE1ktGfwqHqt139oFpg5AzIaExPT1X7UC85+RLiMUuRsfKUNTJgzMkZDfPhV/Crjx5BiBrUfOp9KLzdQ==",
      "optional": true
    },
    "@swc/core-linux-arm64-musl": {
      "version": "1.2.88",
      "resolved": "https://registry.npmjs.org/@swc/core-linux-arm64-musl/-/core-linux-arm64-musl-1.2.88.tgz",
      "integrity": "sha512-/M9Sb+ETGS4HUZYagQ0gr50yPrDPSaZKdCRlrVfD/GWvpJNvzu/8ILOiR/e2saSQE1vTPFbu+sYjUBaYavtucQ==",
      "optional": true
    },
    "@swc/core-linux-x64-gnu": {
      "version": "1.2.88",
      "resolved": "https://registry.npmjs.org/@swc/core-linux-x64-gnu/-/core-linux-x64-gnu-1.2.88.tgz",
      "integrity": "sha512-dKCfYQjI+9L62DCXycJS/hBRd6Ta5KOauK7rNk1Md09QoK1ozAtK0t5WSS6qJV6Qz+McGx0DT363VRRsUxItNw==",
      "optional": true
    },
    "@swc/core-linux-x64-musl": {
      "version": "1.2.88",
      "resolved": "https://registry.npmjs.org/@swc/core-linux-x64-musl/-/core-linux-x64-musl-1.2.88.tgz",
      "integrity": "sha512-IgIdLA5xBaAx6VnaxEHtHzumeuVtPTOIneDX7vqLMVf87VF5QzqXNj/PXbRtnutE2Yw0lDoslkz/ABmKWtyiEA==",
      "optional": true
    },
    "@swc/core-win32-arm64-msvc": {
      "version": "1.2.88",
      "resolved": "https://registry.npmjs.org/@swc/core-win32-arm64-msvc/-/core-win32-arm64-msvc-1.2.88.tgz",
      "integrity": "sha512-cDaYQaSQvTacadfszmzs/ekfEaoLYlK1Pdgc03AUiJFRwPekMQ3i9jsDqPzwttML1FDlLPgkJJHy6FLKuc2omw==",
      "optional": true
    },
    "@swc/core-win32-ia32-msvc": {
      "version": "1.2.88",
      "resolved": "https://registry.npmjs.org/@swc/core-win32-ia32-msvc/-/core-win32-ia32-msvc-1.2.88.tgz",
      "integrity": "sha512-4vkyxjmk/zt8GQPfLos1X4BX0W/VudBlVwLU9L4OmuloDhNCdVCEAc2o36Hgw3Q338VrM46xWQ+fB/cPIJEfgg==",
      "optional": true
    },
    "@swc/core-win32-x64-msvc": {
      "version": "1.2.88",
      "resolved": "https://registry.npmjs.org/@swc/core-win32-x64-msvc/-/core-win32-x64-msvc-1.2.88.tgz",
      "integrity": "sha512-8+LhfWO4ytIc2voKbAhd3j6hypdpWDM0xODzrXPceZ3MI91NUyBTSk7o2R+PpOgpyXNmmz9ATQ7EM0BgZGeAAw==",
      "optional": true
    },
    "@swc/helpers": {
      "version": "0.2.13",
      "resolved": "https://registry.npmjs.org/@swc/helpers/-/helpers-0.2.13.tgz",
      "integrity": "sha512-HxfZHtTgDlME7fH+KIwBrm1B1+2iB3UpbcSbPCZzDAHxZ3z+qfjflHverm33sXrdyQYx4s3J7r6ot76433mwEg=="
    },
    "@tsconfig/node10": {
      "version": "1.0.8",
      "resolved": "https://registry.npmjs.org/@tsconfig/node10/-/node10-1.0.8.tgz",
      "integrity": "sha512-6XFfSQmMgq0CFLY1MslA/CPUfhIL919M1rMsa5lP2P097N2Wd1sSX0tx1u4olM16fLNhtHZpRhedZJphNJqmZg=="
    },
    "@tsconfig/node12": {
      "version": "1.0.9",
      "resolved": "https://registry.npmjs.org/@tsconfig/node12/-/node12-1.0.9.tgz",
      "integrity": "sha512-/yBMcem+fbvhSREH+s14YJi18sp7J9jpuhYByADT2rypfajMZZN4WQ6zBGgBKp53NKmqI36wFYDb3yaMPurITw=="
    },
    "@tsconfig/node14": {
      "version": "1.0.1",
      "resolved": "https://registry.npmjs.org/@tsconfig/node14/-/node14-1.0.1.tgz",
      "integrity": "sha512-509r2+yARFfHHE7T6Puu2jjkoycftovhXRqW328PDXTVGKihlb1P8Z9mMZH04ebyajfRY7dedfGynlrFHJUQCg=="
    },
    "@tsconfig/node16": {
      "version": "1.0.2",
      "resolved": "https://registry.npmjs.org/@tsconfig/node16/-/node16-1.0.2.tgz",
      "integrity": "sha512-eZxlbI8GZscaGS7kkc/trHTT5xgrjH3/1n2JDwusC9iahPKWMRvRjJSAN5mCXviuTGQ/lHnhvv8Q1YTpnfz9gA=="
    },
    "@types/node": {
      "version": "14.17.15",
      "resolved": "https://registry.npmjs.org/@types/node/-/node-14.17.15.tgz",
      "integrity": "sha512-D1sdW0EcSCmNdLKBGMYb38YsHUS6JcM7yQ6sLQ9KuZ35ck7LYCKE7kYFHOO59ayFOY3zobWVZxf4KXhYHcHYFA=="
    },
    "acorn": {
      "version": "8.5.0",
      "resolved": "https://registry.npmjs.org/acorn/-/acorn-8.5.0.tgz",
      "integrity": "sha512-yXbYeFy+jUuYd3/CDcg2NkIYE991XYX/bje7LmjJigUciaeO1JR4XxXgCIV1/Zc/dRuFEyw1L0pbA+qynJkW5Q=="
    },
    "acorn-walk": {
      "version": "8.2.0",
      "resolved": "https://registry.npmjs.org/acorn-walk/-/acorn-walk-8.2.0.tgz",
      "integrity": "sha512-k+iyHEuPgSw6SbuDpGQM+06HQUa04DZ3o+F6CSzXMvvI5KMvnaEqXe+YVe555R9nn6GPt404fos4wcgpw12SDA=="
    },
    "arg": {
      "version": "4.1.3",
      "resolved": "https://registry.npmjs.org/arg/-/arg-4.1.3.tgz",
      "integrity": "sha512-58S9QDqG0Xx27YwPSt9fJxivjYl432YCwfDMfZ+71RAqUrZef7LrKQZ3LHLOwCS4FLNBplP533Zx895SeOCHvA=="
    },
    "axios": {
      "version": "0.21.4",
      "resolved": "https://registry.npmjs.org/axios/-/axios-0.21.4.tgz",
      "integrity": "sha512-ut5vewkiu8jjGBdqpM44XxjuCjq9LAKeHVmoVfHVzy8eHgxxq8SbAVQNovDA8mVi05kP0Ea/n/UzcSHcTJQfNg==",
      "requires": {
        "follow-redirects": "^1.14.0"
      }
    },
    "base-64": {
      "version": "1.0.0",
      "resolved": "https://registry.npmjs.org/base-64/-/base-64-1.0.0.tgz",
      "integrity": "sha512-kwDPIFCGx0NZHog36dj+tHiwP4QMzsZ3AgMViUBKI0+V5n4U0ufTCUMhnQ04diaRI8EX/QcPfql7zlhZ7j4zgg=="
    },
    "class-transformer": {
      "version": "0.3.1",
      "resolved": "https://registry.npmjs.org/class-transformer/-/class-transformer-0.3.1.tgz",
      "integrity": "sha512-cKFwohpJbuMovS8xVLmn8N2AUbAuc8pVo4zEfsUVo8qgECOogns1WVk/FkOZoxhOPTyTYFckuoH+13FO+MQ8GA=="
    },
    "create-require": {
      "version": "1.1.1",
      "resolved": "https://registry.npmjs.org/create-require/-/create-require-1.1.1.tgz",
      "integrity": "sha512-dcKFX3jn0MpIaXjisoRvexIJVEKzaq7z2rZKxf+MSr9TkdmHmsU4m2lcLojrj/FHl8mk5VxMmYA+ftRkP/3oKQ=="
    },
    "cross-fetch": {
      "version": "3.1.4",
      "resolved": "https://registry.npmjs.org/cross-fetch/-/cross-fetch-3.1.4.tgz",
      "integrity": "sha512-1eAtFWdIubi6T4XPy6ei9iUFoKpUkIF971QLN8lIvvvwueI65+Nw5haMNKUwfJxabqlIIDODJKGrQ66gxC0PbQ==",
      "requires": {
        "node-fetch": "2.6.1"
      }
    },
    "debug": {
      "version": "4.3.2",
      "resolved": "https://registry.npmjs.org/debug/-/debug-4.3.2.tgz",
      "integrity": "sha512-mOp8wKcvj7XxC78zLgw/ZA+6TSgkoE2C/ienthhRD298T7UNwAg9diBpLRxC0mOezLl4B0xV7M0cCO6P/O0Xhw==",
      "requires": {
        "ms": "2.1.2"
      }
    },
    "diff": {
      "version": "4.0.2",
      "resolved": "https://registry.npmjs.org/diff/-/diff-4.0.2.tgz",
      "integrity": "sha512-58lmxKSA4BNyLz+HHMUzlOEpg09FV+ev6ZMe3vJihgdxzgcwZ8VoEEPmALCZG9LmqfVoNMMKpttIYTVG6uDY7A=="
    },
    "dotenv": {
      "version": "10.0.0",
      "resolved": "https://registry.npmjs.org/dotenv/-/dotenv-10.0.0.tgz",
      "integrity": "sha512-rlBi9d8jpv9Sf1klPjNfFAuWDjKLwTIJJ/VxtoTwIR6hnZxcEOQCZg2oIL3MWBYw5GpUDKOEnND7LXTbIpQ03Q=="
    },
    "fast-xml-parser": {
      "version": "3.20.0",
      "resolved": "https://registry.npmjs.org/fast-xml-parser/-/fast-xml-parser-3.20.0.tgz",
      "integrity": "sha512-cMQwDJYVDjMPU56DviszewgMKuNzuf4NQSBuDf9RgZ6FKm5QEMxW05Za8lvnuL6moxoeZVUWBlL733WmovvV6g==",
      "requires": {
        "strnum": "^1.0.3"
      }
    },
    "follow-redirects": {
      "version": "1.14.4",
      "resolved": "https://registry.npmjs.org/follow-redirects/-/follow-redirects-1.14.4.tgz",
      "integrity": "sha512-zwGkiSXC1MUJG/qmeIFH2HBJx9u0V46QGUe3YR1fXG8bXQxq7fLj0RjLZQ5nubr9qNJUZrH+xUcwXEoXNpfS+g=="
    },
    "luxon": {
      "version": "1.28.0",
      "resolved": "https://registry.npmjs.org/luxon/-/luxon-1.28.0.tgz",
      "integrity": "sha512-TfTiyvZhwBYM/7QdAVDh+7dBTBA29v4ik0Ce9zda3Mnf8on1S5KJI8P2jKFZ8+5C0jhmr0KwJEO/Wdpm0VeWJQ=="
    },
    "make-error": {
      "version": "1.3.6",
      "resolved": "https://registry.npmjs.org/make-error/-/make-error-1.3.6.tgz",
      "integrity": "sha512-s8UhlNe7vPKomQhC1qFelMokr/Sc3AgNbso3n74mVPA5LTZwkB9NlXf4XPamLxJE8h0gh73rM94xvwRT2CVInw=="
    },
    "ms": {
      "version": "2.1.2",
      "resolved": "https://registry.npmjs.org/ms/-/ms-2.1.2.tgz",
      "integrity": "sha512-sGkPx+VjMtmA6MX27oA4FBFELFCZZ4S4XqeGOXCv68tT+jb3vk/RyaKWP0PTKyWtmLSM0b+adUTEvbs1PEaH2w=="
    },
    "node-fetch": {
      "version": "2.6.1",
      "resolved": "https://registry.npmjs.org/node-fetch/-/node-fetch-2.6.1.tgz",
      "integrity": "sha512-V4aYg89jEoVRxRb2fJdAg8FHvI7cEyYdVAh94HH0UIK8oJxUfkjlDQN9RbMx+bEjP7+ggMiFRprSti032Oipxw=="
    },
    "prettier": {
      "version": "2.4.1",
      "resolved": "https://registry.npmjs.org/prettier/-/prettier-2.4.1.tgz",
      "integrity": "sha512-9fbDAXSBcc6Bs1mZrDYb3XKzDLm4EXXL9sC1LqKP5rZkT6KRr/rf9amVUcODVXgguK/isJz0d0hP72WeaKWsvA==",
      "dev": true
    },
    "reflect-metadata": {
      "version": "0.1.13",
      "resolved": "https://registry.npmjs.org/reflect-metadata/-/reflect-metadata-0.1.13.tgz",
      "integrity": "sha512-Ts1Y/anZELhSsjMcU605fU9RE4Oi3p5ORujwbIKXfWa+0Zxs510Qrmrce5/Jowq3cHSZSJqBjypxmHarc+vEWg=="
    },
    "rxjs": {
      "version": "6.6.7",
      "resolved": "https://registry.npmjs.org/rxjs/-/rxjs-6.6.7.tgz",
      "integrity": "sha512-hTdwr+7yYNIT5n4AMYp85KA6yw2Va0FLa3Rguvbpa4W3I5xynaBZo41cM3XM+4Q6fRMj3sBYIR1VAmZMXYJvRQ==",
      "requires": {
        "tslib": "^1.9.0"
      }
    },
    "sax": {
      "version": "1.2.4",
      "resolved": "https://registry.npmjs.org/sax/-/sax-1.2.4.tgz",
      "integrity": "sha512-NqVDv9TpANUjFm0N8uM5GxL36UgKi9/atZw+x7YFnQ8ckwFGKrl4xX4yWtrey3UJm5nP1kUbnYgLopqWNSRhWw=="
    },
    "strnum": {
      "version": "1.0.3",
      "resolved": "https://registry.npmjs.org/strnum/-/strnum-1.0.3.tgz",
      "integrity": "sha512-GVoRjsqAYZkAH16GDzfTuafuwKxzKdaaCQyLaWf37gOP1e2PPbAKWoME1OmO+c4RCKMfNrrPRDLFCNBFU45N/A=="
    },
    "ts-node": {
      "version": "10.2.1",
      "resolved": "https://registry.npmjs.org/ts-node/-/ts-node-10.2.1.tgz",
      "integrity": "sha512-hCnyOyuGmD5wHleOQX6NIjJtYVIO8bPP8F2acWkB4W06wdlkgyvJtubO/I9NkI88hCFECbsEgoLc0VNkYmcSfw==",
      "requires": {
        "@cspotcode/source-map-support": "0.6.1",
        "@tsconfig/node10": "^1.0.7",
        "@tsconfig/node12": "^1.0.7",
        "@tsconfig/node14": "^1.0.0",
        "@tsconfig/node16": "^1.0.2",
        "acorn": "^8.4.1",
        "acorn-walk": "^8.1.1",
        "arg": "^4.1.0",
        "create-require": "^1.1.0",
        "diff": "^4.0.1",
        "make-error": "^1.1.1",
        "yn": "3.1.1"
      }
    },
    "tsdav": {
      "version": "1.1.0",
      "resolved": "https://registry.npmjs.org/tsdav/-/tsdav-1.1.0.tgz",
      "integrity": "sha512-Cc/VTFgUC/fOOFkGT/xuwrrIrG0+it7WA5ywNM4QyYWAzXVw+WmbM1pr7/7fzHA/OOVQ0a8RyPi4K1C+mFBGJw==",
      "requires": {
        "base-64": "^1.0.0",
        "cross-fetch": "^3.1.4",
        "debug": "^4.3.2",
        "xml-js": "^1.6.11"
      }
    },
    "tslib": {
      "version": "1.14.1",
      "resolved": "https://registry.npmjs.org/tslib/-/tslib-1.14.1.tgz",
      "integrity": "sha512-Xni35NKzjgMrwevysHTCArtLDpPvye8zV/0E4EyYn43P7/7qvQwPh9BGkHewbMulVntbigmcT7rdX3BNo9wRJg=="
    },
    "typescript": {
      "version": "4.4.3",
      "resolved": "https://registry.npmjs.org/typescript/-/typescript-4.4.3.tgz",
      "integrity": "sha512-4xfscpisVgqqDfPaJo5vkd+Qd/ItkoagnHpufr+i2QCHBsNYp+G7UAoyFl8aPtx879u38wPV65rZ8qbGZijalA=="
    },
    "vcardz": {
      "version": "2.1.3",
      "resolved": "https://registry.npmjs.org/vcardz/-/vcardz-2.1.3.tgz",
      "integrity": "sha512-7qrDdJxqRiM7FZFuQzbdvGoP1Ga+PpKum2OGSvoFu5w7SUz949NRyX02bYy+yHz+3Kj7+33i77QIY2nR2mPQAA==",
      "requires": {
        "class-transformer": "^0.3.1",
        "fast-xml-parser": "^3.17.6",
        "luxon": "^1.22.0",
        "reflect-metadata": "^0.1.13",
        "rxjs": "^6.5.4"
      }
    },
    "xml-js": {
      "version": "1.6.11",
      "resolved": "https://registry.npmjs.org/xml-js/-/xml-js-1.6.11.tgz",
      "integrity": "sha512-7rVi2KMfwfWFl+GpPg6m80IVMWXLRjO+PxTq7V2CDhoGak0wzYzFgUY2m4XJ47OGdXd8eLE8EmwfAmdjw7lC1g==",
      "requires": {
        "sax": "^1.2.4"
      }
    },
    "yn": {
      "version": "3.1.1",
      "resolved": "https://registry.npmjs.org/yn/-/yn-3.1.1.tgz",
      "integrity": "sha512-Ux4ygGWsu2c7isFWe8Yu1YluJmqVhxqK2cLXNQA5AcC3QfbGNpM7fu0Y8b/z16pXLnFxZYvWhd3fhBY9DLmC6Q=="
    }
  }
}
